
Microsoft Visual Studio Solution File, Format Version 12.00
# Visual Studio Version 16
VisualStudioVersion = 16.0.31205.134
MinimumVisualStudioVersion = 10.0.40219.1
Project("{FAE04EC0-301F-11D3-BF4B-00C04F79EFBC}") = "ThePicturesOfChaos", "ThePicturesOfChaos\ThePicturesOfChaos.csproj", "{474D0E04-55EC-4F21-99C7-43946F524034}"
EndProject
Global
	GlobalSection(SolutionConfigurationPlatforms) = preSolution
		Debug|Any CPU = Debug|Any CPU
		Release|Any CPU = Release|Any CPU
	EndGlobalSection
	GlobalSection(ProjectConfigurationPlatforms) = postSolution
		{474D0E04-55EC-4F21-99C7-43946F524034}.Debug|Any CPU.ActiveCfg = Debug|Any CPU
		{474D0E04-55EC-4F21-99C7-43946F524034}.Debug|Any CPU.Build.0 = Debug|Any CPU
		{474D0E04-55EC-4F21-99C7-43946F524034}.Release|Any CPU.ActiveCfg = Release|Any CPU
		{474D0E04-55EC-4F21-99C7-43946F524034}.Release|Any CPU.Build.0 = Release|Any CPU
	EndGlobalSection
	GlobalSection(SolutionProperties) = preSolution
		HideSolutionNode = FALSE
	EndGlobalSection
	GlobalSection(ExtensibilityGlobals) = postSolution
		SolutionGuid = {E879E0A6-5603-46A3-B124-DB6E98152FDB}
	EndGlobalSection
EndGlobal
